
Microsoft Visual Studio Solution File, Format Version 12.00
# Visual Studio Version 17
VisualStudioVersion = 17.14.36310.24 d17.14
MinimumVisualStudioVersion = 10.0.40219.1
Project("{FAE04EC0-301F-11D3-BF4B-00C04F79EFBC}") = "Rinha2025_Worker", "Rinha2025_Worker\Rinha2025_Worker.csproj", "{99E24BC7-F79C-40FD-8EFB-E701481DBCDB}"
EndProject
Global
	GlobalSection(SolutionConfigurationPlatforms) = preSolution
		Debug|Any CPU = Debug|Any CPU
		Release|Any CPU = Release|Any CPU
	EndGlobalSection
	GlobalSection(ProjectConfigurationPlatforms) = postSolution
		{99E24BC7-F79C-40FD-8EFB-E701481DBCDB}.Debug|Any CPU.ActiveCfg = Debug|Any CPU
		{99E24BC7-F79C-40FD-8EFB-E701481DBCDB}.Debug|Any CPU.Build.0 = Debug|Any CPU
		{99E24BC7-F79C-40FD-8EFB-E701481DBCDB}.Release|Any CPU.ActiveCfg = Release|Any CPU
		{99E24BC7-F79C-40FD-8EFB-E701481DBCDB}.Release|Any CPU.Build.0 = Release|Any CPU
	EndGlobalSection
	GlobalSection(SolutionProperties) = preSolution
		HideSolutionNode = FALSE
	EndGlobalSection
	GlobalSection(ExtensibilityGlobals) = postSolution
		SolutionGuid = {A9E004A3-E6B0-4E93-8D12-D46BE52A4EF9}
	EndGlobalSection
EndGlobal
